
Microsoft Visual Studio Solution File, Format Version 12.00
# Visual Studio Version 16
VisualStudioVersion = 16.0.30621.155
MinimumVisualStudioVersion = 10.0.40219.1
Project("{9A19103F-16F7-4668-BE54-9A1E7A4F7556}") = "EmployeeManagement", "EmployeeManagement\EmployeeManagement.csproj", "{90D60164-A043-4B00-9D27-3B9024C086BD}"
EndProject
Global
	GlobalSection(SolutionConfigurationPlatforms) = preSolution
		Debug|Any CPU = Debug|Any CPU
		Release|Any CPU = Release|Any CPU
	EndGlobalSection
	GlobalSection(ProjectConfigurationPlatforms) = postSolution
		{90D60164-A043-4B00-9D27-3B9024C086BD}.Debug|Any CPU.ActiveCfg = Debug|Any CPU
		{90D60164-A043-4B00-9D27-3B9024C086BD}.Debug|Any CPU.Build.0 = Debug|Any CPU
		{90D60164-A043-4B00-9D27-3B9024C086BD}.Release|Any CPU.ActiveCfg = Release|Any CPU
		{90D60164-A043-4B00-9D27-3B9024C086BD}.Release|Any CPU.Build.0 = Release|Any CPU
	EndGlobalSection
	GlobalSection(SolutionProperties) = preSolution
		HideSolutionNode = FALSE
	EndGlobalSection
	GlobalSection(ExtensibilityGlobals) = postSolution
		SolutionGuid = {AE95B846-BFC1-4F5A-9D09-F4096E8ABC44}
	EndGlobalSection
EndGlobal
